
Microsoft Visual Studio Solution File, Format Version 12.00
# Visual Studio Version 16
VisualStudioVersion = 16.0.33027.164
MinimumVisualStudioVersion = 10.0.40219.1
Project("{FAE04EC0-301F-11D3-BF4B-00C04F79EFBC}") = "DatingApp.Server", "DatingApp\Server\DatingApp.Server.csproj", "{DB71A484-6200-4EC5-BB2A-D896BFDEE4F9}"
EndProject
Project("{FAE04EC0-301F-11D3-BF4B-00C04F79EFBC}") = "DatingApp.Client", "DatingApp\Client\DatingApp.Client.csproj", "{07785290-3C0C-4CBA-B8FB-427ECE748CEC}"
EndProject
Project("{FAE04EC0-301F-11D3-BF4B-00C04F79EFBC}") = "DatingApp.Shared", "DatingApp\Shared\DatingApp.Shared.csproj", "{5080F9B5-3BB0-4970-999A-7D68B7CCC78C}"
EndProject
Global
	GlobalSection(SolutionConfigurationPlatforms) = preSolution
		Debug|Any CPU = Debug|Any CPU
		Release|Any CPU = Release|Any CPU
	EndGlobalSection
	GlobalSection(ProjectConfigurationPlatforms) = postSolution
		{DB71A484-6200-4EC5-BB2A-D896BFDEE4F9}.Debug|Any CPU.ActiveCfg = Debug|Any CPU
		{DB71A484-6200-4EC5-BB2A-D896BFDEE4F9}.Debug|Any CPU.Build.0 = Debug|Any CPU
		{DB71A484-6200-4EC5-BB2A-D896BFDEE4F9}.Release|Any CPU.ActiveCfg = Release|Any CPU
		{DB71A484-6200-4EC5-BB2A-D896BFDEE4F9}.Release|Any CPU.Build.0 = Release|Any CPU
		{07785290-3C0C-4CBA-B8FB-427ECE748CEC}.Debug|Any CPU.ActiveCfg = Debug|Any CPU
		{07785290-3C0C-4CBA-B8FB-427ECE748CEC}.Debug|Any CPU.Build.0 = Debug|Any CPU
		{07785290-3C0C-4CBA-B8FB-427ECE748CEC}.Release|Any CPU.ActiveCfg = Release|Any CPU
		{07785290-3C0C-4CBA-B8FB-427ECE748CEC}.Release|Any CPU.Build.0 = Release|Any CPU
		{5080F9B5-3BB0-4970-999A-7D68B7CCC78C}.Debug|Any CPU.ActiveCfg = Debug|Any CPU
		{5080F9B5-3BB0-4970-999A-7D68B7CCC78C}.Debug|Any CPU.Build.0 = Debug|Any CPU
		{5080F9B5-3BB0-4970-999A-7D68B7CCC78C}.Release|Any CPU.ActiveCfg = Release|Any CPU
		{5080F9B5-3BB0-4970-999A-7D68B7CCC78C}.Release|Any CPU.Build.0 = Release|Any CPU
	EndGlobalSection
	GlobalSection(SolutionProperties) = preSolution
		HideSolutionNode = FALSE
	EndGlobalSection
	GlobalSection(ExtensibilityGlobals) = postSolution
		SolutionGuid = {94F25E6C-1F65-457C-9F84-96AD09C588B6}
	EndGlobalSection
EndGlobal
